
Microsoft Visual Studio Solution File, Format Version 12.00
# Visual Studio Version 17
VisualStudioVersion = 17.3.32929.385
MinimumVisualStudioVersion = 10.0.40219.1
Project("{2150E333-8FDC-42A3-9474-1A3956D46DE8}") = "Src", "Src", "{AD82B058-3D76-4BB6-9892-CF36417D8647}"
EndProject
Project("{2150E333-8FDC-42A3-9474-1A3956D46DE8}") = "Api", "Api", "{6145A2B6-C1DA-45DA-AB4A-F091B9995294}"
EndProject
Project("{2150E333-8FDC-42A3-9474-1A3956D46DE8}") = "Clients", "Clients", "{41D7E1EB-EAD5-4B03-BCF8-B8C1D5536F1F}"
EndProject
Project("{2150E333-8FDC-42A3-9474-1A3956D46DE8}") = "Commons", "Commons", "{63288ED6-D141-4C8E-9B27-4D9DFABBE469}"
EndProject
Project("{2150E333-8FDC-42A3-9474-1A3956D46DE8}") = "Core", "Core", "{B4272D67-31F9-494F-AF09-221ADF1EA66D}"
EndProject
Project("{2150E333-8FDC-42A3-9474-1A3956D46DE8}") = "Infrastructure", "Infrastructure", "{088204A4-3B92-42A2-AF67-5D05F3606B6B}"
EndProject
Project("{2150E333-8FDC-42A3-9474-1A3956D46DE8}") = "WebApi", "WebApi", "{2BA1EE3B-C094-4924-86E3-7047A52FDDE6}"
EndProject
Project("{9A19103F-16F7-4668-BE54-9A1E7A4F7556}") = "Application", "Src\Api\Core\Application\Application.csproj", "{4B43F8F7-5CD1-4C9E-B457-29216A67089D}"
EndProject
Project("{9A19103F-16F7-4668-BE54-9A1E7A4F7556}") = "Domain", "Src\Api\Core\Domain\Domain.csproj", "{59480461-0A23-4486-9494-740831F30C39}"
EndProject
Project("{9A19103F-16F7-4668-BE54-9A1E7A4F7556}") = "Persistence", "Src\Api\Infrastructure\Persistence\Persistence.csproj", "{8C32B939-793E-467E-AB69-79DBBD45D26C}"
EndProject
Project("{9A19103F-16F7-4668-BE54-9A1E7A4F7556}") = "WebApi", "Src\Api\WebApi\WebApi\WebApi.csproj", "{64B13AAC-03D8-4E9E-8BA9-6EB7504D4BD6}"
EndProject
Project("{9A19103F-16F7-4668-BE54-9A1E7A4F7556}") = "Common", "Src\Commons\Common\Common.csproj", "{3B83B9E0-9074-4A44-8DF1-6D9AF337ED64}"
EndProject
Project("{9A19103F-16F7-4668-BE54-9A1E7A4F7556}") = "WebAppMvcJquery", "Src\Clients\WebAppMvcJquery\WebAppMvcJquery.csproj", "{21F00DDE-8FE1-4E5B-AF79-657BF3CCAD70}"
EndProject
Global
	GlobalSection(SolutionConfigurationPlatforms) = preSolution
		Debug|Any CPU = Debug|Any CPU
		Release|Any CPU = Release|Any CPU
	EndGlobalSection
	GlobalSection(ProjectConfigurationPlatforms) = postSolution
		{4B43F8F7-5CD1-4C9E-B457-29216A67089D}.Debug|Any CPU.ActiveCfg = Debug|Any CPU
		{4B43F8F7-5CD1-4C9E-B457-29216A67089D}.Debug|Any CPU.Build.0 = Debug|Any CPU
		{4B43F8F7-5CD1-4C9E-B457-29216A67089D}.Release|Any CPU.ActiveCfg = Release|Any CPU
		{4B43F8F7-5CD1-4C9E-B457-29216A67089D}.Release|Any CPU.Build.0 = Release|Any CPU
		{59480461-0A23-4486-9494-740831F30C39}.Debug|Any CPU.ActiveCfg = Debug|Any CPU
		{59480461-0A23-4486-9494-740831F30C39}.Debug|Any CPU.Build.0 = Debug|Any CPU
		{59480461-0A23-4486-9494-740831F30C39}.Release|Any CPU.ActiveCfg = Release|Any CPU
		{59480461-0A23-4486-9494-740831F30C39}.Release|Any CPU.Build.0 = Release|Any CPU
		{8C32B939-793E-467E-AB69-79DBBD45D26C}.Debug|Any CPU.ActiveCfg = Debug|Any CPU
		{8C32B939-793E-467E-AB69-79DBBD45D26C}.Debug|Any CPU.Build.0 = Debug|Any CPU
		{8C32B939-793E-467E-AB69-79DBBD45D26C}.Release|Any CPU.ActiveCfg = Release|Any CPU
		{8C32B939-793E-467E-AB69-79DBBD45D26C}.Release|Any CPU.Build.0 = Release|Any CPU
		{64B13AAC-03D8-4E9E-8BA9-6EB7504D4BD6}.Debug|Any CPU.ActiveCfg = Debug|Any CPU
		{64B13AAC-03D8-4E9E-8BA9-6EB7504D4BD6}.Debug|Any CPU.Build.0 = Debug|Any CPU
		{64B13AAC-03D8-4E9E-8BA9-6EB7504D4BD6}.Release|Any CPU.ActiveCfg = Release|Any CPU
		{64B13AAC-03D8-4E9E-8BA9-6EB7504D4BD6}.Release|Any CPU.Build.0 = Release|Any CPU
		{3B83B9E0-9074-4A44-8DF1-6D9AF337ED64}.Debug|Any CPU.ActiveCfg = Debug|Any CPU
		{3B83B9E0-9074-4A44-8DF1-6D9AF337ED64}.Debug|Any CPU.Build.0 = Debug|Any CPU
		{3B83B9E0-9074-4A44-8DF1-6D9AF337ED64}.Release|Any CPU.ActiveCfg = Release|Any CPU
		{3B83B9E0-9074-4A44-8DF1-6D9AF337ED64}.Release|Any CPU.Build.0 = Release|Any CPU
		{21F00DDE-8FE1-4E5B-AF79-657BF3CCAD70}.Debug|Any CPU.ActiveCfg = Debug|Any CPU
		{21F00DDE-8FE1-4E5B-AF79-657BF3CCAD70}.Debug|Any CPU.Build.0 = Debug|Any CPU
		{21F00DDE-8FE1-4E5B-AF79-657BF3CCAD70}.Release|Any CPU.ActiveCfg = Release|Any CPU
		{21F00DDE-8FE1-4E5B-AF79-657BF3CCAD70}.Release|Any CPU.Build.0 = Release|Any CPU
	EndGlobalSection
	GlobalSection(SolutionProperties) = preSolution
		HideSolutionNode = FALSE
	EndGlobalSection
	GlobalSection(NestedProjects) = preSolution
		{6145A2B6-C1DA-45DA-AB4A-F091B9995294} = {AD82B058-3D76-4BB6-9892-CF36417D8647}
		{41D7E1EB-EAD5-4B03-BCF8-B8C1D5536F1F} = {AD82B058-3D76-4BB6-9892-CF36417D8647}
		{63288ED6-D141-4C8E-9B27-4D9DFABBE469} = {AD82B058-3D76-4BB6-9892-CF36417D8647}
		{B4272D67-31F9-494F-AF09-221ADF1EA66D} = {6145A2B6-C1DA-45DA-AB4A-F091B9995294}
		{088204A4-3B92-42A2-AF67-5D05F3606B6B} = {6145A2B6-C1DA-45DA-AB4A-F091B9995294}
		{2BA1EE3B-C094-4924-86E3-7047A52FDDE6} = {6145A2B6-C1DA-45DA-AB4A-F091B9995294}
		{4B43F8F7-5CD1-4C9E-B457-29216A67089D} = {B4272D67-31F9-494F-AF09-221ADF1EA66D}
		{59480461-0A23-4486-9494-740831F30C39} = {B4272D67-31F9-494F-AF09-221ADF1EA66D}
		{8C32B939-793E-467E-AB69-79DBBD45D26C} = {088204A4-3B92-42A2-AF67-5D05F3606B6B}
		{64B13AAC-03D8-4E9E-8BA9-6EB7504D4BD6} = {2BA1EE3B-C094-4924-86E3-7047A52FDDE6}
		{3B83B9E0-9074-4A44-8DF1-6D9AF337ED64} = {63288ED6-D141-4C8E-9B27-4D9DFABBE469}
		{21F00DDE-8FE1-4E5B-AF79-657BF3CCAD70} = {41D7E1EB-EAD5-4B03-BCF8-B8C1D5536F1F}
	EndGlobalSection
	GlobalSection(ExtensibilityGlobals) = postSolution
		SolutionGuid = {C805E6B2-7E46-4354-9F5F-79868A1C0B7A}
	EndGlobalSection
EndGlobal
